// !$*UTF8*$!
{
	archiveVersion = 1;
	classes = {
	};
	objectVersion = 46;
	objects = {
		C255978A2A3807C6D3336DB9 = {
			isa = PBXBuildFile;
			fileRef = BCE20732B9C2CDA52EDEEEA8;
		};
		9A0421D37A3764DDB81957F9 = {
			isa = PBXBuildFile;
			fileRef = E91E601B49C3643578096590;
		};
		1C22B5E08BAC203874836261 = {
			isa = PBXBuildFile;
			fileRef = 2FC53C0B53971D873F7D51B1;
		};
		C74FCC646CDD258209E3EDD0 = {
			isa = PBXBuildFile;
			fileRef = 93E597742C26B070AFFB3037;
		};
		7BB730422CCED70BAF6ADA02 = {
			isa = PBXBuildFile;
			fileRef = 9EFA8F8B89AB573F45461DA2;
		};
		B89F44BEF656F6A14C6D0E54 = {
			isa = PBXBuildFile;
			fileRef = DC59DAFE1F9C3BEC7F311455;
		};
		796B66848533A5BE7C5C217A = {
			isa = PBXBuildFile;
			fileRef = 0DADE0BC8D23E35589741D28;
		};
		3A22F7362A2E3DD9BC22E9CB = {
			isa = PBXBuildFile;
			fileRef = 87C9C92DF87BBC4AE19585F7;
		};
		180013221396202643680AE7 = {
			isa = PBXBuildFile;
			fileRef = C6C709F9A9B6FE41AA7A147C;
		};
		C2FC924F79C0C67101F0A09F = {
			isa = PBXBuildFile;
			fileRef = 1F2530E88DAC668EEEF76190;
		};
		B97D5FB799E47D6DCCFB539E = {
			isa = PBXBuildFile;
			fileRef = 52852BA2DED4A027A2C10EAF;
		};
		5CE8841327A07406B9567470 = {
			isa = PBXBuildFile;
			fileRef = 6AA01C5AC6F905F5F5A219EC;
		};
		9397BEDD69301D05F7B3DC2A = {
			isa = PBXBuildFile;
			fileRef = EFECF5C35D7ABC5A9358BBBC;
		};
		CC0FF1F25FF013433BE34B2E = {
			isa = PBXBuildFile;
			fileRef = F0EDA71B536E0D7E9F49560D;
		};
		73D421B6C182A179E8A46B7B = {
			isa = PBXBuildFile;
			fileRef = 7D37DC784C4A01AFB1CEB677;
		};
		D29BDA68933A752EE1920413 = {
			isa = PBXBuildFile;
			fileRef = 1FA58284CFAB810F6E933AF0;
		};
		6417D8A69FB713B4949297B4 = {
			isa = PBXBuildFile;
			fileRef = A81FC7EF362EFDCE620EB5CF;
		};
		A32FCEE5ECF2FDBA828C4093 = {
			isa = PBXBuildFile;
			fileRef = E9B300900FD3D2866754754B;
		};
		0E1C070E10EE8D830BE06385 = {
			isa = PBXBuildFile;
			fileRef = 36CF44BBCC6211DF41744D28;
		};
		7BE0699B5A4E899854699333 = {
			isa = PBXBuildFile;
			fileRef = 0C53A8B2BF3EA7585CD75CD2;
		};
		97807E30BBCBEF35BB9F94C9 = {
			isa = PBXBuildFile;
			fileRef = B397BD95397BEC4A8FE37B2F;
		};
		467A12349EE085C98F44D12B = {
			isa = PBXBuildFile;
			fileRef = 69522B0A582C6551D7672202;
		};
		1A990914A00E75000FBEB61B = {
			isa = PBXBuildFile;
			fileRef = 470D4460419D3E21C1EF302C;
		};
		2F8A97DA9561C324C79988B8 = {
			isa = PBXBuildFile;
			fileRef = 2295EE15B8B477BD3A4EC710;
		};
		9C682F12A296ACAA17E54F65 = {
			isa = PBXBuildFile;
			fileRef = DFFCA35B893AA75DEB46EE36;
		};
		6A4A4E6F99810D15706FFEBA = {
			isa = PBXBuildFile;
			fileRef = B556B5F7CB38EDEC9803C017;
		};
		A28BA5E13C44E7ABD486AAF3 = {
			isa = PBXBuildFile;
			fileRef = 4287C72C61B2644AEAD23311;
		};
		BAB2AD5B68B20A1102C8B714 = {
			isa = PBXBuildFile;
			fileRef = 76100147FA02AFA221B52674;
		};
		D8766638D8614610DDDB2BE1 = {
			isa = PBXBuildFile;
			fileRef = 895E9E2C2D89D648FB50980A;
		};
		05F527D5FF877125107F40A9 = {
			isa = PBXBuildFile;
			fileRef = CA369BE1D62B7180D29AB78D;
		};
		D8A004A68241640853F961A6 = {
			isa = PBXBuildFile;
			fileRef = 45B5DF37C93272BB75C17033;
		};
		4D49E0FE257F140D02090865 = {
			isa = PBXBuildFile;
			fileRef = C7309FA0FBC2FD239BEA3212;
		};
		B444FDE0493C535384CC199C = {
			isa = PBXBuildFile;
			fileRef = FD1C4E7506BE684B11181518;
		};
		CEB37928EA8C63B186ED596F = {
			isa = PBXBuildFile;
			fileRef = 60B96A7EFC86A60FEBC2F3DF;
		};
		DF9BE6E9FD27BC96A2620251 = {
			isa = PBXBuildFile;
			fileRef = 29AD21B385B045D2D20F9B55;
		};
		89C7C41E81A6DD99B7705C07 = {
			isa = PBXBuildFile;
			fileRef = 0ECD31403A21D24734BD631D;
		};
		5E9961B0A24DDACB53476DBE = {
			isa = PBXBuildFile;
			fileRef = DFDB683D884665144FC882FC;
		};
		24F8C05B6DA421E87A34A3B1 = {
			isa = PBXBuildFile;
			fileRef = B2207838B7F34B1478243011;
		};
		64BCFF50735767A2367C4B75 = {
			isa = PBXBuildFile;
			fileRef = 2279E963282D46CFC94680AC;
		};
		20263720A896931598A31818 = {
			isa = PBXBuildFile;
			fileRef = 4A141AF583B470D12CDF314B;
		};
		3AA9676194BF1EECDE240C25 = {
			isa = PBXBuildFile;
			fileRef = 7E0B8FDAE4B989CF296A8C37;
		};
		0C53A8B2BF3EA7585CD75CD2 = {
			isa = PBXFileReference;
			lastKnownFileType = sourcecode.cpp.cpp;
			name = PluginEditor.cpp;
			path = ../../Source/PluginEditor.cpp;
			sourceTree = "SOURCE_ROOT";
		};
		0DADE0BC8D23E35589741D28 = {
			isa = PBXFileReference;
			lastKnownFileType = wrapper.framework;
			name = AudioToolbox.framework;
			path = System/Library/Frameworks/AudioToolbox.framework;
			sourceTree = SDKROOT;
		};
		0ECD31403A21D24734BD631D = {
			isa = PBXFileReference;
			lastKnownFileType = sourcecode.cpp.objcpp;
			name = "include_juce_dsp.mm";
			path = "../../JuceLibraryCode/include_juce_dsp.mm";
			sourceTree = "SOURCE_ROOT";
		};
		1F2530E88DAC668EEEF76190 = {
			isa = PBXFileReference;
			lastKnownFileType = wrapper.framework;
			name = CoreAudio.framework;
			path = System/Library/Frameworks/CoreAudio.framework;
			sourceTree = SDKROOT;
		};
		1FA58284CFAB810F6E933AF0 = {
			isa = PBXFileReference;
			lastKnownFileType = wrapper.framework;
			name = QuartzCore.framework;
			path = System/Library/Frameworks/QuartzCore.framework;
			sourceTree = SDKROOT;
		};
		2279E963282D46CFC94680AC = {
			isa = PBXFileReference;
			lastKnownFileType = sourcecode.cpp.objcpp;
			name = "include_juce_gui_basics.mm";
			path = "../../JuceLibraryCode/include_juce_gui_basics.mm";
			sourceTree = "SOURCE_ROOT";
		};
		2295EE15B8B477BD3A4EC710 = {
			isa = PBXFileReference;
			lastKnownFileType = file.r;
			name = "include_juce_audio_plugin_client_AU.r";
			path = "../../JuceLibraryCode/include_juce_audio_plugin_client_AU.r";
			sourceTree = "SOURCE_ROOT";
		};
		2435800CAD91C505ECEB8D89 = {
			isa = PBXFileReference;
			lastKnownFileType = file;
			name = "juce_audio_utils";
			path = "../../external/JUCE/modules/juce_audio_utils";
			sourceTree = "SOURCE_ROOT";
		};
		243A2A71F3781A4B7E9F07DA = {
			isa = PBXFileReference;
			lastKnownFileType = sourcecode.c.h;
			name = JucePluginDefines.h;
			path = ../../JuceLibraryCode/JucePluginDefines.h;
			sourceTree = "SOURCE_ROOT";
		};
		29AD21B385B045D2D20F9B55 = {
			isa = PBXFileReference;
			lastKnownFileType = sourcecode.cpp.objcpp;
			name = "include_juce_data_structures.mm";
			path = "../../JuceLibraryCode/include_juce_data_structures.mm";
			sourceTree = "SOURCE_ROOT";
		};
		2E18885D6BBAEFEDF2288D4D = {
			isa = PBXFileReference;
			lastKnownFileType = sourcecode.c.h;
			name = AppConfig.h;
			path = ../../JuceLibraryCode/AppConfig.h;
			sourceTree = "SOURCE_ROOT";
		};
		36CF44BBCC6211DF41744D28 = {
			isa = PBXFileReference;
			lastKnownFileType = sourcecode.cpp.cpp;
			name = PluginProcessor.cpp;
			path = ../../Source/PluginProcessor.cpp;
			sourceTree = "SOURCE_ROOT";
		};
		4287C72C61B2644AEAD23311 = {
			isa = PBXFileReference;
			lastKnownFileType = sourcecode.cpp.cpp;
			name = "include_juce_audio_plugin_client_Standalone.cpp";
			path = "../../JuceLibraryCode/include_juce_audio_plugin_client_Standalone.cpp";
			sourceTree = "SOURCE_ROOT";
		};
		42FC437378BAD4AE121FE8E6 = {
			isa = PBXFileReference;
			lastKnownFileType = file;
			name = "juce_graphics";
			path = "../../external/JUCE/modules/juce_graphics";
			sourceTree = "SOURCE_ROOT";
		};
		45B5DF37C93272BB75C17033 = {
			isa = PBXFileReference;
			lastKnownFileType = sourcecode.cpp.objcpp;
			name = "include_juce_audio_processors.mm";
			path = "../../JuceLibraryCode/include_juce_audio_processors.mm";
			sourceTree = "SOURCE_ROOT";
		};
		4646E15EE8A5229991802ACB = {
			isa = PBXFileReference;
			lastKnownFileType = sourcecode.c.h;
			name = PluginProcessor.h;
			path = ../../Source/PluginProcessor.h;
			sourceTree = "SOURCE_ROOT";
		};
		470D4460419D3E21C1EF302C = {
			isa = PBXFileReference;
			lastKnownFileType = sourcecode.cpp.objcpp;
			name = "include_juce_audio_formats.mm";
			path = "../../JuceLibraryCode/include_juce_audio_formats.mm";
			sourceTree = "SOURCE_ROOT";
		};
		4951722137E5329D8931FC83 = {
			isa = PBXFileReference;
			lastKnownFileType = text.plist.xml;
			name = "Info-Standalone_Plugin.plist";
			path = "Info-Standalone_Plugin.plist";
			sourceTree = "SOURCE_ROOT";
		};
		4A141AF583B470D12CDF314B = {
			isa = PBXFileReference;
			lastKnownFileType = sourcecode.cpp.objcpp;
			name = "include_juce_gui_extra.mm";
			path = "../../JuceLibraryCode/include_juce_gui_extra.mm";
			sourceTree = "SOURCE_ROOT";
		};
		4B53469216ED8C0EEF996CF5 = {
			isa = PBXFileReference;
			lastKnownFileType = text.plist.xml;
			name = "Info-AU.plist";
			path = "Info-AU.plist";
			sourceTree = "SOURCE_ROOT";
		};
		4E4BD33589369C03F607B87F = {
			isa = PBXFileReference;
			lastKnownFileType = file;
			name = "juce_audio_devices";
			path = "../../external/JUCE/modules/juce_audio_devices";
			sourceTree = "SOURCE_ROOT";
		};
		52852BA2DED4A027A2C10EAF = {
			isa = PBXFileReference;
			lastKnownFileType = wrapper.framework;
			name = CoreAudioKit.framework;
			path = System/Library/Frameworks/CoreAudioKit.framework;
			sourceTree = SDKROOT;
		};
		60B96A7EFC86A60FEBC2F3DF = {
			isa = PBXFileReference;
			lastKnownFileType = sourcecode.cpp.objcpp;
			name = "include_juce_cryptography.mm";
			path = "../../JuceLibraryCode/include_juce_cryptography.mm";
			sourceTree = "SOURCE_ROOT";
		};
		69522B0A582C6551D7672202 = {
			isa = PBXFileReference;
			lastKnownFileType = sourcecode.cpp.objcpp;
			name = "include_juce_audio_devices.mm";
			path = "../../JuceLibraryCode/include_juce_audio_devices.mm";
			sourceTree = "SOURCE_ROOT";
		};
		76100147FA02AFA221B52674 = {
			isa = PBXFileReference;
			lastKnownFileType = sourcecode.cpp.cpp;
			name = "include_juce_audio_plugin_client_utils.cpp";
			path = "../../JuceLibraryCode/include_juce_audio_plugin_client_utils.cpp";
			sourceTree = "SOURCE_ROOT";
		};
		7D37DC784C4A01AFB1CEB677 = {
			isa = PBXFileReference;
			lastKnownFileType = wrapper.framework;
			name = OpenGL.framework;
			path = System/Library/Frameworks/OpenGL.framework;
			sourceTree = SDKROOT;
		};
		BCE20732B9C2CDA52EDEEEA8 = {
			isa = PBXFileReference;
			explicitFileType = wrapper.cfbundle;
			includeInIndex = 0;
			path = AutoencoderJuce.vst3;
			sourceTree = "BUILT_PRODUCTS_DIR";
		};
		E91E601B49C3643578096590 = {
			isa = PBXFileReference;
			explicitFileType = wrapper.cfbundle;
			includeInIndex = 0;
			path = AutoencoderJuce.component;
			sourceTree = "BUILT_PRODUCTS_DIR";
		};
		2FC53C0B53971D873F7D51B1 = {
			isa = PBXFileReference;
			explicitFileType = wrapper.application;
			includeInIndex = 0;
			path = AutoencoderJuce.app;
			sourceTree = "BUILT_PRODUCTS_DIR";
		};
		5AE85CC950AC638E6A29D1A0 = {
			isa = PBXFileReference;
			lastKnownFileType = sourcecode.c.h;
			name = PluginEditor.h;
			path = ../../Source/PluginEditor.h;
			sourceTree = "SOURCE_ROOT";
		};
		682EE1A382FF90BD7E8B18C1 = {
			isa = PBXFileReference;
			lastKnownFileType = file;
			name = "juce_audio_plugin_client";
			path = "../../external/JUCE/modules/juce_audio_plugin_client";
			sourceTree = "SOURCE_ROOT";
		};
		6AA01C5AC6F905F5F5A219EC = {
			isa = PBXFileReference;
			lastKnownFileType = wrapper.framework;
			name = CoreMIDI.framework;
			path = System/Library/Frameworks/CoreMIDI.framework;
			sourceTree = SDKROOT;
		};
		7C6357D017E2D2C33B15E9B8 = {
			isa = PBXFileReference;
			lastKnownFileType = sourcecode.c.h;
			name = JuceHeader.h;
			path = ../../JuceLibraryCode/JuceHeader.h;
			sourceTree = "SOURCE_ROOT";
		};
		7E0B8FDAE4B989CF296A8C37 = {
			isa = PBXFileReference;
			lastKnownFileType = sourcecode.cpp.objcpp;
			name = "include_juce_opengl.mm";
			path = "../../JuceLibraryCode/include_juce_opengl.mm";
			sourceTree = "SOURCE_ROOT";
		};
		81FFA197B29D201A03AA938A = {
			isa = PBXFileReference;
			lastKnownFileType = file;
			name = "juce_data_structures";
			path = "../../external/JUCE/modules/juce_data_structures";
			sourceTree = "SOURCE_ROOT";
		};
		87C9C92DF87BBC4AE19585F7 = {
			isa = PBXFileReference;
			lastKnownFileType = wrapper.framework;
			name = Carbon.framework;
			path = System/Library/Frameworks/Carbon.framework;
			sourceTree = SDKROOT;
		};
		895E9E2C2D89D648FB50980A = {
			isa = PBXFileReference;
			lastKnownFileType = sourcecode.cpp.objcpp;
			name = "include_juce_audio_plugin_client_VST_utils.mm";
			path = "../../JuceLibraryCode/include_juce_audio_plugin_client_VST_utils.mm";
			sourceTree = "SOURCE_ROOT";
		};
		93E597742C26B070AFFB3037 = {
			isa = PBXFileReference;
			explicitFileType = archive.ar;
			includeInIndex = 0;
			path = libAutoencoderJuce.a;
			sourceTree = "BUILT_PRODUCTS_DIR";
		};
		9EFA8F8B89AB573F45461DA2 = {
			isa = PBXFileReference;
			lastKnownFileType = wrapper.framework;
			name = AudioUnit.framework;
			path = System/Library/Frameworks/AudioUnit.framework;
			sourceTree = SDKROOT;
		};
		A22D1A18222EDE80F615C304 = {
			isa = PBXFileReference;
			lastKnownFileType = file;
			name = "juce_core";
			path = "../../external/JUCE/modules/juce_core";
			sourceTree = "SOURCE_ROOT";
		};
		A5A516CDFC754B0F5147C5EB = {
			isa = PBXFileReference;
			lastKnownFileType = file;
			name = "juce_events";
			path = "../../external/JUCE/modules/juce_events";
			sourceTree = "SOURCE_ROOT";
		};
		A81FC7EF362EFDCE620EB5CF = {
			isa = PBXFileReference;
			lastKnownFileType = wrapper.framework;
			name = WebKit.framework;
			path = System/Library/Frameworks/WebKit.framework;
			sourceTree = SDKROOT;
		};
		AABF384BAE469871D47D4F55 = {
			isa = PBXFileReference;
			lastKnownFileType = file;
			name = "juce_opengl";
			path = "../../external/JUCE/modules/juce_opengl";
			sourceTree = "SOURCE_ROOT";
		};
		B2207838B7F34B1478243011 = {
			isa = PBXFileReference;
			lastKnownFileType = sourcecode.cpp.objcpp;
			name = "include_juce_graphics.mm";
			path = "../../JuceLibraryCode/include_juce_graphics.mm";
			sourceTree = "SOURCE_ROOT";
		};
		B397BD95397BEC4A8FE37B2F = {
			isa = PBXFileReference;
			lastKnownFileType = sourcecode.cpp.objcpp;
			name = "include_juce_audio_basics.mm";
			path = "../../JuceLibraryCode/include_juce_audio_basics.mm";
			sourceTree = "SOURCE_ROOT";
		};
		B556B5F7CB38EDEC9803C017 = {
			isa = PBXFileReference;
			lastKnownFileType = sourcecode.cpp.objcpp;
			name = "include_juce_audio_plugin_client_AU_2.mm";
			path = "../../JuceLibraryCode/include_juce_audio_plugin_client_AU_2.mm";
			sourceTree = "SOURCE_ROOT";
		};
		BC84E42F1F2C76E4EBA29616 = {
			isa = PBXFileReference;
			lastKnownFileType = file;
			name = "juce_audio_basics";
			path = "../../external/JUCE/modules/juce_audio_basics";
			sourceTree = "SOURCE_ROOT";
		};
		C6C709F9A9B6FE41AA7A147C = {
			isa = PBXFileReference;
			lastKnownFileType = wrapper.framework;
			name = Cocoa.framework;
			path = System/Library/Frameworks/Cocoa.framework;
			sourceTree = SDKROOT;
		};
		C7309FA0FBC2FD239BEA3212 = {
			isa = PBXFileReference;
			lastKnownFileType = sourcecode.cpp.objcpp;
			name = "include_juce_audio_utils.mm";
			path = "../../JuceLibraryCode/include_juce_audio_utils.mm";
			sourceTree = "SOURCE_ROOT";
		};
		C81F59A0C432E708F1980E40 = {
			isa = PBXFileReference;
			lastKnownFileType = file;
			name = "juce_gui_basics";
			path = "../../external/JUCE/modules/juce_gui_basics";
			sourceTree = "SOURCE_ROOT";
		};
		CA369BE1D62B7180D29AB78D = {
			isa = PBXFileReference;
			lastKnownFileType = sourcecode.cpp.cpp;
			name = "include_juce_audio_plugin_client_VST3.cpp";
			path = "../../JuceLibraryCode/include_juce_audio_plugin_client_VST3.cpp";
			sourceTree = "SOURCE_ROOT";
		};
		D9E67E5B13A3FEAE2B425984 = {
			isa = PBXFileReference;
			lastKnownFileType = file;
			name = "juce_audio_formats";
			path = "../../external/JUCE/modules/juce_audio_formats";
			sourceTree = "SOURCE_ROOT";
		};
		DC59DAFE1F9C3BEC7F311455 = {
			isa = PBXFileReference;
			lastKnownFileType = wrapper.framework;
			name = Accelerate.framework;
			path = System/Library/Frameworks/Accelerate.framework;
			sourceTree = SDKROOT;
		};
		DFDB683D884665144FC882FC = {
			isa = PBXFileReference;
			lastKnownFileType = sourcecode.cpp.objcpp;
			name = "include_juce_events.mm";
			path = "../../JuceLibraryCode/include_juce_events.mm";
			sourceTree = "SOURCE_ROOT";
		};
		DFFCA35B893AA75DEB46EE36 = {
			isa = PBXFileReference;
			lastKnownFileType = sourcecode.cpp.objcpp;
			name = "include_juce_audio_plugin_client_AU_1.mm";
			path = "../../JuceLibraryCode/include_juce_audio_plugin_client_AU_1.mm";
			sourceTree = "SOURCE_ROOT";
		};
		E9B300900FD3D2866754754B = {
			isa = PBXFileReference;
			lastKnownFileType = file.nib;
			name = RecentFilesMenuTemplate.nib;
			path = RecentFilesMenuTemplate.nib;
			sourceTree = "SOURCE_ROOT";
		};
		EFC3B5C5148F67FA9C9833A9 = {
			isa = PBXFileReference;
			lastKnownFileType = file;
			name = "juce_gui_extra";
			path = "../../external/JUCE/modules/juce_gui_extra";
			sourceTree = "SOURCE_ROOT";
		};
		EFECF5C35D7ABC5A9358BBBC = {
			isa = PBXFileReference;
			lastKnownFileType = wrapper.framework;
			name = DiscRecording.framework;
			path = System/Library/Frameworks/DiscRecording.framework;
			sourceTree = SDKROOT;
		};
		F0EDA71B536E0D7E9F49560D = {
			isa = PBXFileReference;
			lastKnownFileType = wrapper.framework;
			name = IOKit.framework;
			path = System/Library/Frameworks/IOKit.framework;
			sourceTree = SDKROOT;
		};
		F41B4FF2578E7024B313B070 = {
			isa = PBXFileReference;
			lastKnownFileType = text.plist.xml;
			name = "Info-VST3.plist";
			path = "Info-VST3.plist";
			sourceTree = "SOURCE_ROOT";
		};
		F80F01AF78337A2BD3569A07 = {
			isa = PBXFileReference;
			lastKnownFileType = file;
			name = "juce_cryptography";
			path = "../../external/JUCE/modules/juce_cryptography";
			sourceTree = "SOURCE_ROOT";
		};
		FA224F8DFDF0EBC9311E1053 = {
			isa = PBXFileReference;
			lastKnownFileType = file;
			name = "juce_dsp";
			path = "../../external/JUCE/modules/juce_dsp";
			sourceTree = "SOURCE_ROOT";
		};
		FBD7668ECA99C87402F4EBFC = {
			isa = PBXFileReference;
			lastKnownFileType = file;
			name = "juce_audio_processors";
			path = "../../external/JUCE/modules/juce_audio_processors";
			sourceTree = "SOURCE_ROOT";
		};
		FD1C4E7506BE684B11181518 = {
			isa = PBXFileReference;
			lastKnownFileType = sourcecode.cpp.objcpp;
			name = "include_juce_core.mm";
			path = "../../JuceLibraryCode/include_juce_core.mm";
			sourceTree = "SOURCE_ROOT";
		};
		B4FC8940EF447787BAD8B8EE = {
			isa = PBXGroup;
			children = (
				36CF44BBCC6211DF41744D28,
				4646E15EE8A5229991802ACB,
				0C53A8B2BF3EA7585CD75CD2,
				5AE85CC950AC638E6A29D1A0,
			);
			name = Source;
			sourceTree = "<group>";
		};
		CA1686095847438DEB59D485 = {
			isa = PBXGroup;
			children = (
				B4FC8940EF447787BAD8B8EE,
			);
			name = AutoencoderJuce;
			sourceTree = "<group>";
		};
		1B267A26EA1F672862981173 = {
			isa = PBXGroup;
			children = (
				BC84E42F1F2C76E4EBA29616,
				4E4BD33589369C03F607B87F,
				D9E67E5B13A3FEAE2B425984,
				682EE1A382FF90BD7E8B18C1,
				FBD7668ECA99C87402F4EBFC,
				2435800CAD91C505ECEB8D89,
				A22D1A18222EDE80F615C304,
				F80F01AF78337A2BD3569A07,
				81FFA197B29D201A03AA938A,
				FA224F8DFDF0EBC9311E1053,
				A5A516CDFC754B0F5147C5EB,
				42FC437378BAD4AE121FE8E6,
				C81F59A0C432E708F1980E40,
				EFC3B5C5148F67FA9C9833A9,
				AABF384BAE469871D47D4F55,
			);
			name = "JUCE Modules";
			sourceTree = "<group>";
		};
		C923F0F5AEE1625FEF22EE3B = {
			isa = PBXGroup;
			children = (
				2E18885D6BBAEFEDF2288D4D,
				B397BD95397BEC4A8FE37B2F,
				69522B0A582C6551D7672202,
				470D4460419D3E21C1EF302C,
				2295EE15B8B477BD3A4EC710,
				DFFCA35B893AA75DEB46EE36,
				B556B5F7CB38EDEC9803C017,
				4287C72C61B2644AEAD23311,
				76100147FA02AFA221B52674,
				895E9E2C2D89D648FB50980A,
				CA369BE1D62B7180D29AB78D,
				45B5DF37C93272BB75C17033,
				C7309FA0FBC2FD239BEA3212,
				FD1C4E7506BE684B11181518,
				60B96A7EFC86A60FEBC2F3DF,
				29AD21B385B045D2D20F9B55,
				0ECD31403A21D24734BD631D,
				DFDB683D884665144FC882FC,
				B2207838B7F34B1478243011,
				2279E963282D46CFC94680AC,
				4A141AF583B470D12CDF314B,
				7E0B8FDAE4B989CF296A8C37,
				7C6357D017E2D2C33B15E9B8,
				243A2A71F3781A4B7E9F07DA,
			);
			name = "JUCE Library Code";
			sourceTree = "<group>";
		};
		3077D69C520D60FFC3D03C3A = {
			isa = PBXGroup;
			children = (
				F41B4FF2578E7024B313B070,
				4B53469216ED8C0EEF996CF5,
				4951722137E5329D8931FC83,
				E9B300900FD3D2866754754B,
			);
			name = Resources;
			sourceTree = "<group>";
		};
		2469ED7407E5835D7AF57680 = {
			isa = PBXGroup;
			children = (
				9EFA8F8B89AB573F45461DA2,
				DC59DAFE1F9C3BEC7F311455,
				0DADE0BC8D23E35589741D28,
				87C9C92DF87BBC4AE19585F7,
				C6C709F9A9B6FE41AA7A147C,
				1F2530E88DAC668EEEF76190,
				52852BA2DED4A027A2C10EAF,
				6AA01C5AC6F905F5F5A219EC,
				EFECF5C35D7ABC5A9358BBBC,
				F0EDA71B536E0D7E9F49560D,
				7D37DC784C4A01AFB1CEB677,
				1FA58284CFAB810F6E933AF0,
				A81FC7EF362EFDCE620EB5CF,
			);
			name = Frameworks;
			sourceTree = "<group>";
		};
		687E9A999AECBDB698D6743D = {
			isa = PBXGroup;
			children = (
				BCE20732B9C2CDA52EDEEEA8,
				E91E601B49C3643578096590,
				2FC53C0B53971D873F7D51B1,
				93E597742C26B070AFFB3037,
			);
			name = Products;
			sourceTree = "<group>";
		};
		1E6C628760A5963A8553F7F8 = {
			isa = PBXGroup;
			children = (
				CA1686095847438DEB59D485,
				1B267A26EA1F672862981173,
				C923F0F5AEE1625FEF22EE3B,
				3077D69C520D60FFC3D03C3A,
				2469ED7407E5835D7AF57680,
				687E9A999AECBDB698D6743D,
			);
			name = Source;
			sourceTree = "<group>";
		};
		5ACA4E8B8CB4639B1DAE8F76 = {
			isa = PBXTargetDependency;
			target = 530B48F1376129677C79414E;
		};
		ED0C520C4F8F3DF81A3A4371 = {
			isa = PBXTargetDependency;
			target = 44F8B5EEEC040622353B7087;
		};
		482F48329475D676AD3C6F27 = {
			isa = PBXTargetDependency;
			target = B8682919ABC05AEA43350E48;
		};
		F6F3EBD8978C4DC6EBF30CD7 = {
			isa = PBXTargetDependency;
			target = CDCCA88A76F5AC23681DF3BC;
		};
		BE4EC7F08D54DA666037B6A0 = {
			isa = PBXTargetDependency;
			target = CDCCA88A76F5AC23681DF3BC;
		};
		8AE808B5EBB28EFB55A6840D = {
			isa = PBXTargetDependency;
			target = CDCCA88A76F5AC23681DF3BC;
		};
		EA97856E98E2078826851F60 = {
			isa = PBXTargetDependency;
			target = CDCCA88A76F5AC23681DF3BC;
		};
		A471F0D32CF6020B9AAD2E54 = {
			isa = XCBuildConfiguration;
			buildSettings = {
				MACOSX_DEPLOYMENT_TARGET = 10.11;
				SDKROOT = macosx;
			};
			name = Debug;
		};
		D469524A447BB8CD8BCA37E3 = {
			isa = XCBuildConfiguration;
			buildSettings = {
				MACOSX_DEPLOYMENT_TARGET = 10.11;
				SDKROOT = macosx;
			};
			name = Release;
		};
		0B401B45444D247EE46B225B = {
			isa = XCBuildConfiguration;
			buildSettings = {
				CLANG_CXX_LANGUAGE_STANDARD = "c++14";
				CLANG_CXX_LIBRARY = "libc++";
				CLANG_LINK_OBJC_RUNTIME = NO;
				CODE_SIGN_IDENTITY = "";
				COMBINE_HIDPI_IMAGES = YES;
				CONFIGURATION_BUILD_DIR = "$(PROJECT_DIR)/build/$(CONFIGURATION)";
				COPY_PHASE_STRIP = NO;
				DEPLOYMENT_LOCATION = YES;
				DSTROOT = /;
				GCC_DYNAMIC_NO_PIC = NO;
				GCC_OPTIMIZATION_LEVEL = 0;
				GCC_PREPROCESSOR_DEFINITIONS = (
					"_DEBUG=1",
					"DEBUG=1",
					"JUCER_XCODE_MAC_F6D2F4CF=1",
					"JUCE_APP_VERSION=1.0.0",
					"JUCE_APP_VERSION_HEX=0x10000",
					"JucePlugin_Build_VST=0",
					"JucePlugin_Build_VST3=1",
					"JucePlugin_Build_AU=0",
					"JucePlugin_Build_AUv3=0",
					"JucePlugin_Build_RTAS=0",
					"JucePlugin_Build_AAX=0",
					"JucePlugin_Build_Standalone=0",
					"JucePlugin_Build_Unity=0",
				);
				GCC_VERSION = com.apple.compilers.llvm.clang.1_0;
				GENERATE_PKGINFO_FILE = YES;
				HEADER_SEARCH_PATHS = (
					"../../external/JUCE/modules/juce_audio_processors/format_types/VST3_SDK",
					"../../JuceLibraryCode",
					"../../external/JUCE/modules",
					"../../external/frugally-deep/include",
					"../../external/eigen",
					"../../external/FunctionalPlus/include",
					"../../external/json/include",
					"../../external/JUCE/modules/juce_audio_plugin_client",
					"$(inherited)",
				);
				INFOPLIST_FILE = Info-VST3.plist;
				INFOPLIST_PREPROCESS = NO;
				INSTALL_PATH = "$(HOME)/Library/Audio/Plug-Ins/VST3/";
				LIBRARY_STYLE = Bundle;
				MACOSX_DEPLOYMENT_TARGET = 10.11;
				OTHER_LDFLAGS = "-bundle -lAutoencoderJuce";
				PRODUCT_BUNDLE_IDENTIFIER = com.yourcompany.AutoencoderJuce;
				PRODUCT_NAME = "AutoencoderJuce";
				USE_HEADERMAP = NO;
				WRAPPER_EXTENSION = vst3;
			};
			name = Debug;
		};
		F4ABDE81C7233D512AF5C5CA = {
			isa = XCBuildConfiguration;
			buildSettings = {
				CLANG_CXX_LANGUAGE_STANDARD = "c++14";
				CLANG_CXX_LIBRARY = "libc++";
				CLANG_LINK_OBJC_RUNTIME = NO;
				CODE_SIGN_IDENTITY = "";
				COMBINE_HIDPI_IMAGES = YES;
				CONFIGURATION_BUILD_DIR = "$(PROJECT_DIR)/build/$(CONFIGURATION)";
				DEAD_CODE_STRIPPING = YES;
				DEPLOYMENT_LOCATION = YES;
				DSTROOT = /;
				GCC_GENERATE_DEBUGGING_SYMBOLS = NO;
				GCC_OPTIMIZATION_LEVEL = 3;
				GCC_PREPROCESSOR_DEFINITIONS = (
					"_NDEBUG=1",
					"NDEBUG=1",
					"JUCER_XCODE_MAC_F6D2F4CF=1",
					"JUCE_APP_VERSION=1.0.0",
					"JUCE_APP_VERSION_HEX=0x10000",
					"JucePlugin_Build_VST=0",
					"JucePlugin_Build_VST3=1",
					"JucePlugin_Build_AU=0",
					"JucePlugin_Build_AUv3=0",
					"JucePlugin_Build_RTAS=0",
					"JucePlugin_Build_AAX=0",
					"JucePlugin_Build_Standalone=0",
					"JucePlugin_Build_Unity=0",
				);
				GCC_VERSION = com.apple.compilers.llvm.clang.1_0;
				GENERATE_PKGINFO_FILE = YES;
				HEADER_SEARCH_PATHS = (
					"../../external/JUCE/modules/juce_audio_processors/format_types/VST3_SDK",
					"../../JuceLibraryCode",
					"../../external/JUCE/modules",
					"../../external/frugally-deep/include",
					"../../external/eigen",
					"../../external/FunctionalPlus/include",
					"../../external/json/include",
					"../../external/JUCE/modules/juce_audio_plugin_client",
					"$(inherited)",
				);
				INFOPLIST_FILE = Info-VST3.plist;
				INFOPLIST_PREPROCESS = NO;
				INSTALL_PATH = "$(HOME)/Library/Audio/Plug-Ins/VST3/";
				LIBRARY_STYLE = Bundle;
				LLVM_LTO = YES;
				MACOSX_DEPLOYMENT_TARGET = 10.11;
				OTHER_LDFLAGS = "-bundle -lAutoencoderJuce";
				PRODUCT_BUNDLE_IDENTIFIER = com.yourcompany.AutoencoderJuce;
				PRODUCT_NAME = "AutoencoderJuce";
				USE_HEADERMAP = NO;
				WRAPPER_EXTENSION = vst3;
			};
			name = Release;
		};
		1D8CC5CFF0E347C6E4D6C5E4 = {
			isa = XCBuildConfiguration;
			buildSettings = {
				CLANG_CXX_LANGUAGE_STANDARD = "c++14";
				CLANG_CXX_LIBRARY = "libc++";
				CLANG_LINK_OBJC_RUNTIME = NO;
				CODE_SIGN_IDENTITY = "";
				COMBINE_HIDPI_IMAGES = YES;
				CONFIGURATION_BUILD_DIR = "$(PROJECT_DIR)/build/$(CONFIGURATION)";
				COPY_PHASE_STRIP = NO;
				DEPLOYMENT_LOCATION = YES;
				DSTROOT = /;
				GCC_DYNAMIC_NO_PIC = NO;
				GCC_OPTIMIZATION_LEVEL = 0;
				GCC_PREPROCESSOR_DEFINITIONS = (
					"_DEBUG=1",
					"DEBUG=1",
					"JUCER_XCODE_MAC_F6D2F4CF=1",
					"JUCE_APP_VERSION=1.0.0",
					"JUCE_APP_VERSION_HEX=0x10000",
					"JucePlugin_Build_VST=0",
					"JucePlugin_Build_VST3=0",
					"JucePlugin_Build_AU=1",
					"JucePlugin_Build_AUv3=0",
					"JucePlugin_Build_RTAS=0",
					"JucePlugin_Build_AAX=0",
					"JucePlugin_Build_Standalone=0",
					"JucePlugin_Build_Unity=0",
				);
				GCC_VERSION = com.apple.compilers.llvm.clang.1_0;
				GENERATE_PKGINFO_FILE = YES;
				HEADER_SEARCH_PATHS = (
					"../../external/JUCE/modules/juce_audio_processors/format_types/VST3_SDK",
					"../../JuceLibraryCode",
					"../../external/JUCE/modules",
					"../../external/frugally-deep/include",
					"../../external/eigen",
					"../../external/FunctionalPlus/include",
					"../../external/json/include",
					"../../external/JUCE/modules/juce_audio_plugin_client",
					"$(inherited)",
				);
				INFOPLIST_FILE = Info-AU.plist;
				INFOPLIST_PREPROCESS = NO;
				INSTALL_PATH = "$(HOME)/Library/Audio/Plug-Ins/Components/";
				LIBRARY_STYLE = Bundle;
				MACOSX_DEPLOYMENT_TARGET = 10.11;
				OTHER_LDFLAGS = "-bundle -lAutoencoderJuce";
				OTHER_REZFLAGS = "-d ppc_$ppc -d i386_$i386 -d ppc64_$ppc64 -d x86_64_$x86_64 -I /System/Library/Frameworks/CoreServices.framework/Frameworks/CarbonCore.framework/Versions/A/Headers -I \"$(DEVELOPER_DIR)/Extras/CoreAudio/AudioUnits/AUPublic/AUBase\" -I \"$(DEVELOPER_DIR)/Platforms/MacOSX.platform/Developer/SDKs/MacOSX.sdk/System/Library/Frameworks/AudioUnit.framework/Headers\"";
				PRODUCT_BUNDLE_IDENTIFIER = com.yourcompany.AutoencoderJuce;
				PRODUCT_NAME = "AutoencoderJuce";
				USE_HEADERMAP = NO;
				WRAPPER_EXTENSION = component;
			};
			name = Debug;
		};
		E384148F4CFB4C31DD5B4BD9 = {
			isa = XCBuildConfiguration;
			buildSettings = {
				CLANG_CXX_LANGUAGE_STANDARD = "c++14";
				CLANG_CXX_LIBRARY = "libc++";
				CLANG_LINK_OBJC_RUNTIME = NO;
				CODE_SIGN_IDENTITY = "";
				COMBINE_HIDPI_IMAGES = YES;
				CONFIGURATION_BUILD_DIR = "$(PROJECT_DIR)/build/$(CONFIGURATION)";
				DEAD_CODE_STRIPPING = YES;
				DEPLOYMENT_LOCATION = YES;
				DSTROOT = /;
				GCC_GENERATE_DEBUGGING_SYMBOLS = NO;
				GCC_OPTIMIZATION_LEVEL = 3;
				GCC_PREPROCESSOR_DEFINITIONS = (
					"_NDEBUG=1",
					"NDEBUG=1",
					"JUCER_XCODE_MAC_F6D2F4CF=1",
					"JUCE_APP_VERSION=1.0.0",
					"JUCE_APP_VERSION_HEX=0x10000",
					"JucePlugin_Build_VST=0",
					"JucePlugin_Build_VST3=0",
					"JucePlugin_Build_AU=1",
					"JucePlugin_Build_AUv3=0",
					"JucePlugin_Build_RTAS=0",
					"JucePlugin_Build_AAX=0",
					"JucePlugin_Build_Standalone=0",
					"JucePlugin_Build_Unity=0",
				);
				GCC_VERSION = com.apple.compilers.llvm.clang.1_0;
				GENERATE_PKGINFO_FILE = YES;
				HEADER_SEARCH_PATHS = (
					"../../external/JUCE/modules/juce_audio_processors/format_types/VST3_SDK",
					"../../JuceLibraryCode",
					"../../external/JUCE/modules",
					"../../external/frugally-deep/include",
					"../../external/eigen",
					"../../external/FunctionalPlus/include",
					"../../external/json/include",
					"../../external/JUCE/modules/juce_audio_plugin_client",
					"$(inherited)",
				);
				INFOPLIST_FILE = Info-AU.plist;
				INFOPLIST_PREPROCESS = NO;
				INSTALL_PATH = "$(HOME)/Library/Audio/Plug-Ins/Components/";
				LIBRARY_STYLE = Bundle;
				LLVM_LTO = YES;
				MACOSX_DEPLOYMENT_TARGET = 10.11;
				OTHER_LDFLAGS = "-bundle -lAutoencoderJuce";
				OTHER_REZFLAGS = "-d ppc_$ppc -d i386_$i386 -d ppc64_$ppc64 -d x86_64_$x86_64 -I /System/Library/Frameworks/CoreServices.framework/Frameworks/CarbonCore.framework/Versions/A/Headers -I \"$(DEVELOPER_DIR)/Extras/CoreAudio/AudioUnits/AUPublic/AUBase\" -I \"$(DEVELOPER_DIR)/Platforms/MacOSX.platform/Developer/SDKs/MacOSX.sdk/System/Library/Frameworks/AudioUnit.framework/Headers\"";
				PRODUCT_BUNDLE_IDENTIFIER = com.yourcompany.AutoencoderJuce;
				PRODUCT_NAME = "AutoencoderJuce";
				USE_HEADERMAP = NO;
				WRAPPER_EXTENSION = component;
			};
			name = Release;
		};
		81000AC787AB1352716A629A = {
			isa = XCBuildConfiguration;
			buildSettings = {
				CLANG_CXX_LANGUAGE_STANDARD = "c++14";
				CLANG_CXX_LIBRARY = "libc++";
				CLANG_LINK_OBJC_RUNTIME = NO;
				CODE_SIGN_IDENTITY = "";
				COMBINE_HIDPI_IMAGES = YES;
				CONFIGURATION_BUILD_DIR = "$(PROJECT_DIR)/build/$(CONFIGURATION)";
				COPY_PHASE_STRIP = NO;
				GCC_DYNAMIC_NO_PIC = NO;
				GCC_OPTIMIZATION_LEVEL = 0;
				GCC_PREPROCESSOR_DEFINITIONS = (
					"_DEBUG=1",
					"DEBUG=1",
					"JUCER_XCODE_MAC_F6D2F4CF=1",
					"JUCE_APP_VERSION=1.0.0",
					"JUCE_APP_VERSION_HEX=0x10000",
					"JucePlugin_Build_VST=0",
					"JucePlugin_Build_VST3=0",
					"JucePlugin_Build_AU=0",
					"JucePlugin_Build_AUv3=0",
					"JucePlugin_Build_RTAS=0",
					"JucePlugin_Build_AAX=0",
					"JucePlugin_Build_Standalone=1",
					"JucePlugin_Build_Unity=0",
				);
				GCC_VERSION = com.apple.compilers.llvm.clang.1_0;
				HEADER_SEARCH_PATHS = (
					"../../external/JUCE/modules/juce_audio_processors/format_types/VST3_SDK",
					"../../JuceLibraryCode",
					"../../external/JUCE/modules",
					"../../external/frugally-deep/include",
					"../../external/eigen",
					"../../external/FunctionalPlus/include",
					"../../external/json/include",
					"../../external/JUCE/modules/juce_audio_plugin_client",
					"$(inherited)",
				);
				INFOPLIST_FILE = Info-Standalone_Plugin.plist;
				INFOPLIST_PREPROCESS = NO;
				MACOSX_DEPLOYMENT_TARGET = 10.11;
				OTHER_LDFLAGS = "-lAutoencoderJuce";
				PRODUCT_BUNDLE_IDENTIFIER = com.yourcompany.AutoencoderJuce;
				PRODUCT_NAME = "AutoencoderJuce";
				USE_HEADERMAP = NO;
			};
			name = Debug;
		};
		CF76AAA5EDFDD3D427542F82 = {
			isa = XCBuildConfiguration;
			buildSettings = {
				CLANG_CXX_LANGUAGE_STANDARD = "c++14";
				CLANG_CXX_LIBRARY = "libc++";
				CLANG_LINK_OBJC_RUNTIME = NO;
				CODE_SIGN_IDENTITY = "";
				COMBINE_HIDPI_IMAGES = YES;
				CONFIGURATION_BUILD_DIR = "$(PROJECT_DIR)/build/$(CONFIGURATION)";
				DEAD_CODE_STRIPPING = YES;
				GCC_GENERATE_DEBUGGING_SYMBOLS = NO;
				GCC_OPTIMIZATION_LEVEL = 3;
				GCC_PREPROCESSOR_DEFINITIONS = (
					"_NDEBUG=1",
					"NDEBUG=1",
					"JUCER_XCODE_MAC_F6D2F4CF=1",
					"JUCE_APP_VERSION=1.0.0",
					"JUCE_APP_VERSION_HEX=0x10000",
					"JucePlugin_Build_VST=0",
					"JucePlugin_Build_VST3=0",
					"JucePlugin_Build_AU=0",
					"JucePlugin_Build_AUv3=0",
					"JucePlugin_Build_RTAS=0",
					"JucePlugin_Build_AAX=0",
					"JucePlugin_Build_Standalone=1",
					"JucePlugin_Build_Unity=0",
				);
				GCC_VERSION = com.apple.compilers.llvm.clang.1_0;
				HEADER_SEARCH_PATHS = (
					"../../external/JUCE/modules/juce_audio_processors/format_types/VST3_SDK",
					"../../JuceLibraryCode",
					"../../external/JUCE/modules",
					"../../external/frugally-deep/include",
					"../../external/eigen",
					"../../external/FunctionalPlus/include",
					"../../external/json/include",
					"../../external/JUCE/modules/juce_audio_plugin_client",
					"$(inherited)",
				);
				INFOPLIST_FILE = Info-Standalone_Plugin.plist;
				INFOPLIST_PREPROCESS = NO;
				LLVM_LTO = YES;
				MACOSX_DEPLOYMENT_TARGET = 10.11;
				OTHER_LDFLAGS = "-lAutoencoderJuce";
				PRODUCT_BUNDLE_IDENTIFIER = com.yourcompany.AutoencoderJuce;
				PRODUCT_NAME = "AutoencoderJuce";
				USE_HEADERMAP = NO;
			};
			name = Release;
		};
		350A0B6F6CA13D1B765BC4A9 = {
			isa = XCBuildConfiguration;
			buildSettings = {
				CLANG_CXX_LANGUAGE_STANDARD = "c++14";
				CLANG_CXX_LIBRARY = "libc++";
				CLANG_LINK_OBJC_RUNTIME = NO;
				CODE_SIGN_IDENTITY = "";
				COMBINE_HIDPI_IMAGES = YES;
				CONFIGURATION_BUILD_DIR = "$(PROJECT_DIR)/build/$(CONFIGURATION)";
				COPY_PHASE_STRIP = NO;
				GCC_DYNAMIC_NO_PIC = NO;
				GCC_OPTIMIZATION_LEVEL = 0;
				GCC_PREPROCESSOR_DEFINITIONS = (
					"_DEBUG=1",
					"DEBUG=1",
					"JUCER_XCODE_MAC_F6D2F4CF=1",
					"JUCE_APP_VERSION=1.0.0",
					"JUCE_APP_VERSION_HEX=0x10000",
					"JucePlugin_Build_VST=0",
					"JucePlugin_Build_VST3=1",
					"JucePlugin_Build_AU=1",
					"JucePlugin_Build_AUv3=0",
					"JucePlugin_Build_RTAS=0",
					"JucePlugin_Build_AAX=0",
					"JucePlugin_Build_Standalone=1",
					"JucePlugin_Build_Unity=0",
					"JUCE_SHARED_CODE=1",
				);
				GCC_VERSION = com.apple.compilers.llvm.clang.1_0;
				HEADER_SEARCH_PATHS = (
					"../../external/JUCE/modules/juce_audio_processors/format_types/VST3_SDK",
					"../../JuceLibraryCode",
					"../../external/JUCE/modules",
					"../../external/frugally-deep/include",
					"../../external/eigen",
					"../../external/FunctionalPlus/include",
					"../../external/json/include",
					"../../external/JUCE/modules/juce_audio_plugin_client",
					"$(inherited)",
				);
				INSTALL_PATH = "@executable_path/../Frameworks";
				MACOSX_DEPLOYMENT_TARGET = 10.11;
				PRODUCT_BUNDLE_IDENTIFIER = com.yourcompany.AutoencoderJuce;
				PRODUCT_NAME = "AutoencoderJuce";
				SKIP_INSTALL = YES;
				USE_HEADERMAP = NO;
			};
			name = Debug;
		};
		E7B111E6FE059FD0CB5EFA81 = {
			isa = XCBuildConfiguration;
			buildSettings = {
				CLANG_CXX_LANGUAGE_STANDARD = "c++14";
				CLANG_CXX_LIBRARY = "libc++";
				CLANG_LINK_OBJC_RUNTIME = NO;
				CODE_SIGN_IDENTITY = "";
				COMBINE_HIDPI_IMAGES = YES;
				CONFIGURATION_BUILD_DIR = "$(PROJECT_DIR)/build/$(CONFIGURATION)";
				DEAD_CODE_STRIPPING = YES;
				GCC_GENERATE_DEBUGGING_SYMBOLS = NO;
				GCC_OPTIMIZATION_LEVEL = 3;
				GCC_PREPROCESSOR_DEFINITIONS = (
					"_NDEBUG=1",
					"NDEBUG=1",
					"JUCER_XCODE_MAC_F6D2F4CF=1",
					"JUCE_APP_VERSION=1.0.0",
					"JUCE_APP_VERSION_HEX=0x10000",
					"JucePlugin_Build_VST=0",
					"JucePlugin_Build_VST3=1",
					"JucePlugin_Build_AU=1",
					"JucePlugin_Build_AUv3=0",
					"JucePlugin_Build_RTAS=0",
					"JucePlugin_Build_AAX=0",
					"JucePlugin_Build_Standalone=1",
					"JucePlugin_Build_Unity=0",
					"JUCE_SHARED_CODE=1",
				);
				GCC_VERSION = com.apple.compilers.llvm.clang.1_0;
				HEADER_SEARCH_PATHS = (
					"../../external/JUCE/modules/juce_audio_processors/format_types/VST3_SDK",
					"../../JuceLibraryCode",
					"../../external/JUCE/modules",
					"../../external/frugally-deep/include",
					"../../external/eigen",
					"../../external/FunctionalPlus/include",
					"../../external/json/include",
					"../../external/JUCE/modules/juce_audio_plugin_client",
					"$(inherited)",
				);
				INSTALL_PATH = "@executable_path/../Frameworks";
				LLVM_LTO = YES;
				MACOSX_DEPLOYMENT_TARGET = 10.11;
				PRODUCT_BUNDLE_IDENTIFIER = com.yourcompany.AutoencoderJuce;
				PRODUCT_NAME = "AutoencoderJuce";
				SKIP_INSTALL = YES;
				USE_HEADERMAP = NO;
			};
			name = Release;
		};
		5DF19127962B85D16D7DC7DC = {
			isa = XCBuildConfiguration;
			buildSettings = {
				ALWAYS_SEARCH_USER_PATHS = NO;
				CLANG_ENABLE_OBJC_WEAK = YES;
				CLANG_WARN_BLOCK_CAPTURE_AUTORELEASING = YES;
				CLANG_WARN_BOOL_CONVERSION = YES;
				CLANG_WARN_COMMA = YES;
				CLANG_WARN_CONSTANT_CONVERSION = YES;
				CLANG_WARN_DEPRECATED_OBJC_IMPLEMENTATIONS = YES;
				CLANG_WARN_EMPTY_BODY = YES;
				CLANG_WARN_ENUM_CONVERSION = YES;
				CLANG_WARN_INFINITE_RECURSION = YES;
				CLANG_WARN_INT_CONVERSION = YES;
				CLANG_WARN_NON_LITERAL_NULL_CONVERSION = YES;
				CLANG_WARN_OBJC_IMPLICIT_RETAIN_SELF = YES;
				CLANG_WARN_OBJC_LITERAL_CONVERSION = YES;
				CLANG_WARN_RANGE_LOOP_ANALYSIS = YES;
				CLANG_WARN_STRICT_PROTOTYPES = YES;
				CLANG_WARN_SUSPICIOUS_MOVE = YES;
				CLANG_WARN_UNREACHABLE_CODE = YES;
				CLANG_WARN__DUPLICATE_METHOD_MATCH = YES;
				CODE_SIGN_IDENTITY = "";
				DEBUG_INFORMATION_FORMAT = dwarf;
				ENABLE_STRICT_OBJC_MSGSEND = YES;
				ENABLE_TESTABILITY = NO;
				GCC_C_LANGUAGE_STANDARD = c11;
				GCC_INLINES_ARE_PRIVATE_EXTERN = YES;
				GCC_MODEL_TUNING = G5;
				GCC_NO_COMMON_BLOCKS = YES;
				GCC_SYMBOLS_PRIVATE_EXTERN = YES;
				GCC_WARN_64_TO_32_BIT_CONVERSION = YES;
				GCC_WARN_ABOUT_RETURN_TYPE = YES;
				GCC_WARN_CHECK_SWITCH_STATEMENTS = YES;
				GCC_WARN_MISSING_PARENTHESES = YES;
				GCC_WARN_NON_VIRTUAL_DESTRUCTOR = YES;
				GCC_WARN_TYPECHECK_CALLS_TO_PRINTF = YES;
				GCC_WARN_UNDECLARED_SELECTOR = YES;
				GCC_WARN_UNINITIALIZED_AUTOS = YES;
				GCC_WARN_UNUSED_FUNCTION = YES;
				GCC_WARN_UNUSED_VARIABLE = YES;
				ONLY_ACTIVE_ARCH = YES;
				PRODUCT_NAME = "AutoencoderJuce";
				SDKROOT = macosx;
				WARNING_CFLAGS = "-Wreorder";
				ZERO_LINK = NO;
			};
			name = Debug;
		};
		7957F9E728621AB9F3FAE1B7 = {
			isa = XCBuildConfiguration;
			buildSettings = {
				ALWAYS_SEARCH_USER_PATHS = NO;
				CLANG_ENABLE_OBJC_WEAK = YES;
				CLANG_WARN_BLOCK_CAPTURE_AUTORELEASING = YES;
				CLANG_WARN_BOOL_CONVERSION = YES;
				CLANG_WARN_COMMA = YES;
				CLANG_WARN_CONSTANT_CONVERSION = YES;
				CLANG_WARN_DEPRECATED_OBJC_IMPLEMENTATIONS = YES;
				CLANG_WARN_EMPTY_BODY = YES;
				CLANG_WARN_ENUM_CONVERSION = YES;
				CLANG_WARN_INFINITE_RECURSION = YES;
				CLANG_WARN_INT_CONVERSION = YES;
				CLANG_WARN_NON_LITERAL_NULL_CONVERSION = YES;
				CLANG_WARN_OBJC_IMPLICIT_RETAIN_SELF = YES;
				CLANG_WARN_OBJC_LITERAL_CONVERSION = YES;
				CLANG_WARN_RANGE_LOOP_ANALYSIS = YES;
				CLANG_WARN_STRICT_PROTOTYPES = YES;
				CLANG_WARN_SUSPICIOUS_MOVE = YES;
				CLANG_WARN_UNREACHABLE_CODE = YES;
				CLANG_WARN__DUPLICATE_METHOD_MATCH = YES;
				CODE_SIGN_IDENTITY = "";
				DEBUG_INFORMATION_FORMAT = dwarf;
				ENABLE_STRICT_OBJC_MSGSEND = YES;
				ENABLE_TESTABILITY = NO;
				GCC_C_LANGUAGE_STANDARD = c11;
				GCC_INLINES_ARE_PRIVATE_EXTERN = YES;
				GCC_MODEL_TUNING = G5;
				GCC_NO_COMMON_BLOCKS = YES;
				GCC_SYMBOLS_PRIVATE_EXTERN = YES;
				GCC_WARN_64_TO_32_BIT_CONVERSION = YES;
				GCC_WARN_ABOUT_RETURN_TYPE = YES;
				GCC_WARN_CHECK_SWITCH_STATEMENTS = YES;
				GCC_WARN_MISSING_PARENTHESES = YES;
				GCC_WARN_NON_VIRTUAL_DESTRUCTOR = YES;
				GCC_WARN_TYPECHECK_CALLS_TO_PRINTF = YES;
				GCC_WARN_UNDECLARED_SELECTOR = YES;
				GCC_WARN_UNINITIALIZED_AUTOS = YES;
				GCC_WARN_UNUSED_FUNCTION = YES;
				GCC_WARN_UNUSED_VARIABLE = YES;
				PRODUCT_NAME = "AutoencoderJuce";
				SDKROOT = macosx;
				WARNING_CFLAGS = "-Wreorder";
				ZERO_LINK = NO;
			};
			name = Release;
		};
		BD28E1491276C8822A852798 = {
			isa = XCConfigurationList;
			buildConfigurations = (
				5DF19127962B85D16D7DC7DC,
				7957F9E728621AB9F3FAE1B7,
			);
			defaultConfigurationIsVisible = 0;
			defaultConfigurationName = Debug;
		};
		7334F27EBF1AB711845F9BA4 = {
			isa = XCConfigurationList;
			buildConfigurations = (
				A471F0D32CF6020B9AAD2E54,
				D469524A447BB8CD8BCA37E3,
			);
			defaultConfigurationIsVisible = 0;
			defaultConfigurationName = Debug;
		};
		078D00999B2E3D1043AF5DB3 = {
			isa = PBXAggregateTarget;
			buildConfigurationList = 7334F27EBF1AB711845F9BA4;
			buildPhases = ( );
			buildRules = ( );
			dependencies = (
				5ACA4E8B8CB4639B1DAE8F76,
				ED0C520C4F8F3DF81A3A4371,
				482F48329475D676AD3C6F27,
				F6F3EBD8978C4DC6EBF30CD7,
			);
			name = "AutoencoderJuce - All";
			productName = AutoencoderJuce;
		};
		F62CC076DF763D6CA388BF4A = {
			isa = XCConfigurationList;
			buildConfigurations = (
				0B401B45444D247EE46B225B,
				F4ABDE81C7233D512AF5C5CA,
			);
			defaultConfigurationIsVisible = 0;
			defaultConfigurationName = Debug;
		};
		9E845F5097D302B5F31D6CD3 = {
			isa = PBXResourcesBuildPhase;
			buildActionMask = 2147483647;
			files = (
				A32FCEE5ECF2FDBA828C4093,
			);
			runOnlyForDeploymentPostprocessing = 0;
		};
		B279B9226CF881FFB9FBAB71 = {
			isa = PBXSourcesBuildPhase;
			buildActionMask = 2147483647;
			files = (
				05F527D5FF877125107F40A9,
			);
			runOnlyForDeploymentPostprocessing = 0;
		};
		1C33A76F657268EFEE0E47FB = {
			isa = PBXFrameworksBuildPhase;
			buildActionMask = 2147483647;
			files = (
				B89F44BEF656F6A14C6D0E54,
				796B66848533A5BE7C5C217A,
				3A22F7362A2E3DD9BC22E9CB,
				180013221396202643680AE7,
				C2FC924F79C0C67101F0A09F,
				B97D5FB799E47D6DCCFB539E,
				5CE8841327A07406B9567470,
				9397BEDD69301D05F7B3DC2A,
				CC0FF1F25FF013433BE34B2E,
				73D421B6C182A179E8A46B7B,
				D29BDA68933A752EE1920413,
				6417D8A69FB713B4949297B4,
			);
			runOnlyForDeploymentPostprocessing = 0;
		};
		530B48F1376129677C79414E = {
			isa = PBXNativeTarget;
			buildConfigurationList = F62CC076DF763D6CA388BF4A;
			buildPhases = (
				9E845F5097D302B5F31D6CD3,
				B279B9226CF881FFB9FBAB71,
				1C33A76F657268EFEE0E47FB,
			);
			buildRules = ( );
			dependencies = (
				BE4EC7F08D54DA666037B6A0,
			);
			name = "AutoencoderJuce - VST3";
			productName = AutoencoderJuce;
			productReference = BCE20732B9C2CDA52EDEEEA8;
			productType = "com.apple.product-type.bundle";
		};
		4C39AA467CF218840C636B2D = {
			isa = XCConfigurationList;
			buildConfigurations = (
				1D8CC5CFF0E347C6E4D6C5E4,
				E384148F4CFB4C31DD5B4BD9,
			);
			defaultConfigurationIsVisible = 0;
			defaultConfigurationName = Debug;
		};
		922F8D4595928F9869CFF3C5 = {
			isa = PBXResourcesBuildPhase;
			buildActionMask = 2147483647;
			files = (
				A32FCEE5ECF2FDBA828C4093,
			);
			runOnlyForDeploymentPostprocessing = 0;
		};
		72F18029418BA45FDF4F8AEE = {
			isa = PBXRezBuildPhase;
			buildActionMask = 2147483647;
			files = (
				2F8A97DA9561C324C79988B8,
			);
			runOnlyForDeploymentPostprocessing = 0;
		};
		6F6723394A50B7A199C11AA6 = {
			isa = PBXSourcesBuildPhase;
			buildActionMask = 2147483647;
			files = (
				9C682F12A296ACAA17E54F65,
				6A4A4E6F99810D15706FFEBA,
			);
			runOnlyForDeploymentPostprocessing = 0;
		};
		0378DA8D797561B15F6949A4 = {
			isa = PBXFrameworksBuildPhase;
			buildActionMask = 2147483647;
			files = (
				7BB730422CCED70BAF6ADA02,
				B89F44BEF656F6A14C6D0E54,
				796B66848533A5BE7C5C217A,
				3A22F7362A2E3DD9BC22E9CB,
				180013221396202643680AE7,
				C2FC924F79C0C67101F0A09F,
				B97D5FB799E47D6DCCFB539E,
				5CE8841327A07406B9567470,
				9397BEDD69301D05F7B3DC2A,
				CC0FF1F25FF013433BE34B2E,
				73D421B6C182A179E8A46B7B,
				D29BDA68933A752EE1920413,
				6417D8A69FB713B4949297B4,
			);
			runOnlyForDeploymentPostprocessing = 0;
		};
		44F8B5EEEC040622353B7087 = {
			isa = PBXNativeTarget;
			buildConfigurationList = 4C39AA467CF218840C636B2D;
			buildPhases = (
				922F8D4595928F9869CFF3C5,
				72F18029418BA45FDF4F8AEE,
				6F6723394A50B7A199C11AA6,
				0378DA8D797561B15F6949A4,
			);
			buildRules = ( );
			dependencies = (
				8AE808B5EBB28EFB55A6840D,
			);
			name = "AutoencoderJuce - AU";
			productName = AutoencoderJuce;
			productReference = E91E601B49C3643578096590;
			productType = "com.apple.product-type.bundle";
		};
		1DE8381F44ECACCA88D9CE0A = {
			isa = XCConfigurationList;
			buildConfigurations = (
				81000AC787AB1352716A629A,
				CF76AAA5EDFDD3D427542F82,
			);
			defaultConfigurationIsVisible = 0;
			defaultConfigurationName = Debug;
		};
		706F097462CEB397C9F765FE = {
			isa = PBXResourcesBuildPhase;
			buildActionMask = 2147483647;
			files = (
				A32FCEE5ECF2FDBA828C4093,
			);
			runOnlyForDeploymentPostprocessing = 0;
		};
		8FC64E78BA66FEE6756CE5B0 = {
			isa = PBXSourcesBuildPhase;
			buildActionMask = 2147483647;
			files = (
				A28BA5E13C44E7ABD486AAF3,
			);
			runOnlyForDeploymentPostprocessing = 0;
		};
		AD89C16B80E0A359896755C8 = {
			isa = PBXFrameworksBuildPhase;
			buildActionMask = 2147483647;
			files = (
				B89F44BEF656F6A14C6D0E54,
				796B66848533A5BE7C5C217A,
				3A22F7362A2E3DD9BC22E9CB,
				180013221396202643680AE7,
				C2FC924F79C0C67101F0A09F,
				B97D5FB799E47D6DCCFB539E,
				5CE8841327A07406B9567470,
				9397BEDD69301D05F7B3DC2A,
				CC0FF1F25FF013433BE34B2E,
				73D421B6C182A179E8A46B7B,
				D29BDA68933A752EE1920413,
				6417D8A69FB713B4949297B4,
			);
			runOnlyForDeploymentPostprocessing = 0;
		};
		B8682919ABC05AEA43350E48 = {
			isa = PBXNativeTarget;
			buildConfigurationList = 1DE8381F44ECACCA88D9CE0A;
			buildPhases = (
				706F097462CEB397C9F765FE,
				8FC64E78BA66FEE6756CE5B0,
				AD89C16B80E0A359896755C8,
			);
			buildRules = ( );
			dependencies = (
				EA97856E98E2078826851F60,
			);
			name = "AutoencoderJuce - Standalone Plugin";
			productName = AutoencoderJuce;
			productReference = 2FC53C0B53971D873F7D51B1;
			productType = "com.apple.product-type.application";
		};
		1184566F41CAC14F0250E9A9 = {
			isa = XCConfigurationList;
			buildConfigurations = (
				350A0B6F6CA13D1B765BC4A9,
				E7B111E6FE059FD0CB5EFA81,
			);
			defaultConfigurationIsVisible = 0;
			defaultConfigurationName = Debug;
		};
		BA66DAF3361A92200BB8C81F = {
			isa = PBXSourcesBuildPhase;
			buildActionMask = 2147483647;
			files = (
				0E1C070E10EE8D830BE06385,
				7BE0699B5A4E899854699333,
				97807E30BBCBEF35BB9F94C9,
				467A12349EE085C98F44D12B,
				1A990914A00E75000FBEB61B,
				BAB2AD5B68B20A1102C8B714,
				D8766638D8614610DDDB2BE1,
				D8A004A68241640853F961A6,
				4D49E0FE257F140D02090865,
				B444FDE0493C535384CC199C,
				CEB37928EA8C63B186ED596F,
				DF9BE6E9FD27BC96A2620251,
				89C7C41E81A6DD99B7705C07,
				5E9961B0A24DDACB53476DBE,
				24F8C05B6DA421E87A34A3B1,
				64BCFF50735767A2367C4B75,
				20263720A896931598A31818,
				3AA9676194BF1EECDE240C25,
			);
			runOnlyForDeploymentPostprocessing = 0;
		};
		CDCCA88A76F5AC23681DF3BC = {
			isa = PBXNativeTarget;
			buildConfigurationList = 1184566F41CAC14F0250E9A9;
			buildPhases = (
				BA66DAF3361A92200BB8C81F,
			);
			buildRules = ( );
			dependencies = ( );
			name = "AutoencoderJuce - Shared Code";
			productName = AutoencoderJuce;
			productReference = 93E597742C26B070AFFB3037;
			productType = "com.apple.product-type.library.static";
		};
		CEEBD451C38407405FE543A4 = {
			isa = PBXProject;
			buildConfigurationList = BD28E1491276C8822A852798;
			attributes = { LastUpgradeCheck = 1100; ORGANIZATIONNAME = ""; TargetAttributes = { 078D00999B2E3D1043AF5DB3 = { SystemCapabilities = {com.apple.ApplicationGroups.iOS = { enabled = 0; }; com.apple.InAppPurchase = { enabled = 0; }; com.apple.InterAppAudio = { enabled = 0; }; com.apple.Push = { enabled = 0; }; com.apple.Sandbox = { enabled = 0; }; com.apple.HardenedRuntime = { enabled = 0; }; }; };530B48F1376129677C79414E = { SystemCapabilities = {com.apple.ApplicationGroups.iOS = { enabled = 0; }; com.apple.InAppPurchase = { enabled = 0; }; com.apple.InterAppAudio = { enabled = 0; }; com.apple.Push = { enabled = 0; }; com.apple.Sandbox = { enabled = 0; }; com.apple.HardenedRuntime = { enabled = 0; }; }; };44F8B5EEEC040622353B7087 = { SystemCapabilities = {com.apple.ApplicationGroups.iOS = { enabled = 0; }; com.apple.InAppPurchase = { enabled = 0; }; com.apple.InterAppAudio = { enabled = 0; }; com.apple.Push = { enabled = 0; }; com.apple.Sandbox = { enabled = 0; }; com.apple.HardenedRuntime = { enabled = 0; }; }; };B8682919ABC05AEA43350E48 = { SystemCapabilities = {com.apple.ApplicationGroups.iOS = { enabled = 0; }; com.apple.InAppPurchase = { enabled = 0; }; com.apple.InterAppAudio = { enabled = 0; }; com.apple.Push = { enabled = 0; }; com.apple.Sandbox = { enabled = 0; }; com.apple.HardenedRuntime = { enabled = 0; }; }; };CDCCA88A76F5AC23681DF3BC = { SystemCapabilities = {com.apple.ApplicationGroups.iOS = { enabled = 0; }; com.apple.InAppPurchase = { enabled = 0; }; com.apple.InterAppAudio = { enabled = 0; }; com.apple.Push = { enabled = 0; }; com.apple.Sandbox = { enabled = 0; }; com.apple.HardenedRuntime = { enabled = 0; }; }; }; }; };
			compatibilityVersion = "Xcode 3.2";
			hasScannedForEncodings = 0;
			mainGroup = 1E6C628760A5963A8553F7F8;
			projectDirPath = "";
			projectRoot = "";
			targets = (078D00999B2E3D1043AF5DB3, 530B48F1376129677C79414E, 44F8B5EEEC040622353B7087, B8682919ABC05AEA43350E48, CDCCA88A76F5AC23681DF3BC);
			knownRegions = (en, Base);
		};
	};
	rootObject = CEEBD451C38407405FE543A4;
}
